{
  "version": 4,
  "terraform_version": "1.6.6",
  "serial": 18,
  "lineage": "5be1b386-8a61-42f0-6fa5-d879516428aa",
  "outputs": {
    "CLOUDWATCH_LOG_GROUP": {
      "value": "Disabled",
      "type": "string"
    },
    "DATABASE_INFO": {
      "value": {
        "database": "morefocus",
        "host": "db.zaphveadgevkzqcvtkes.supabase.co",
        "provider": "Supabase",
        "ssl": false,
        "type": "PostgreSQL"
      },
      "type": [
        "object",
        {
          "database": "string",
          "host": "string",
          "provider": "string",
          "ssl": "bool",
          "type": "string"
        }
      ]
    },
    "ESTIMATED_MONTHLY_COST": {
      "value": {
        "cloudwatch": "Free",
        "data_transfer": "Free Tier (1GB/month out)",
        "ebs_storage": "Free Tier (30GB)",
        "ec2_instance": "Free Tier (750 hours/month)",
        "elastic_ip": "Free (dynamic IP)",
        "s3_storage": "~$0.023/GB/month",
        "total_estimate": "~$2-5/month"
      },
      "type": [
        "object",
        {
          "cloudwatch": "string",
          "data_transfer": "string",
          "ebs_storage": "string",
          "ec2_instance": "string",
          "elastic_ip": "string",
          "s3_storage": "string",
          "total_estimate": "string"
        }
      ]
    },
    "IAM_ROLE_ARN": {
      "value": "arn:aws:iam::181483249128:role/morefocus-ec2-role",
      "type": "string"
    },
    "INSTANCE_ID": {
      "value": "i-01a170acdca097f9b",
      "type": "string"
    },
    "INSTANCE_PRIVATE_IP": {
      "value": "172.31.44.85",
      "type": "string"
    },
    "INSTANCE_PUBLIC_DNS": {
      "value": "ec2-3-142-230-190.us-east-2.compute.amazonaws.com",
      "type": "string"
    },
    "INSTANCE_PUBLIC_IP": {
      "value": "3.142.230.190",
      "type": "string"
    },
    "INSTANCE_STATUS": {
      "value": {
        "ami_id": "ami-08a98e6d1b5aa6099",
        "availability_zone": "us-east-2c",
        "instance_state": "running",
        "instance_type": "t3.micro"
      },
      "type": [
        "object",
        {
          "ami_id": "string",
          "availability_zone": "string",
          "instance_state": "string",
          "instance_type": "string"
        }
      ]
    },
    "KEY_PAIR_NAME": {
      "value": "morefocus-keypair",
      "type": "string"
    },
    "N8N_CREDENTIALS": {
      "value": {
        "password": "ChangeThisPassword123!",
        "username": "admin"
      },
      "type": [
        "object",
        {
          "password": "string",
          "username": "string"
        }
      ],
      "sensitive": true
    },
    "N8N_URL": {
      "value": "http://3.142.230.190:5678/",
      "type": "string"
    },
    "NEXT_STEPS": {
      "value": [
        "1. Wait 5-10 minutes for instance initialization",
        "2. Access n8n at the provided URL",
        "3. Login with the provided credentials",
        "4. Import workflow JSON files from /workflows/ directory",
        "5. Activate workflows in n8n interface",
        "6. Configure external integrations (email, CRM)",
        "7. Test webhook endpoints",
        "8. Set up domain and SSL (optional)"
      ],
      "type": [
        "tuple",
        [
          "string",
          "string",
          "string",
          "string",
          "string",
          "string",
          "string",
          "string"
        ]
      ]
    },
    "PROJECT_INFO": {
      "value": {
        "aws_region": "us-east-1",
        "database_provider": "Supabase",
        "deployment_date": "2025-08-04T05:03:14Z",
        "environment": "production",
        "project_name": "morefocus",
        "ssl_enabled": false,
        "terraform_version": "\u003e=1.0"
      },
      "type": [
        "object",
        {
          "aws_region": "string",
          "database_provider": "string",
          "deployment_date": "string",
          "environment": "string",
          "project_name": "string",
          "ssl_enabled": "bool",
          "terraform_version": "string"
        }
      ]
    },
    "S3_BUCKET_NAME": {
      "value": "morefocus-824bc794",
      "type": "string"
    },
    "SECURITY_GROUP_ID": {
      "value": "sg-0b5fc1f5b5da11ab5",
      "type": "string"
    },
    "SSH_COMMAND": {
      "value": "ssh -i ~/.ssh/morefocus-key.pem ubuntu@3.142.230.190",
      "type": "string"
    },
    "TROUBLESHOOTING": {
      "value": {
        "backup_script": "/opt/morefocus/scripts/backup.sh",
        "docker_logs": "docker logs morefocus-n8n",
        "health_check": "/opt/morefocus/scripts/health_check.sh",
        "logs_location": "/var/log/user-data.log",
        "service_restart": "cd /opt/morefocus \u0026\u0026 docker-compose restart",
        "status_file": "/opt/morefocus/status.json"
      },
      "type": [
        "object",
        {
          "backup_script": "string",
          "docker_logs": "string",
          "health_check": "string",
          "logs_location": "string",
          "service_restart": "string",
          "status_file": "string"
        }
      ]
    },
    "WEBHOOK_ENDPOINTS": {
      "value": {
        "ane": "http://3.142.230.190:5678/webhook/nutricao",
        "apq": "http://3.142.230.190:5678/webhook/prospeccao",
        "avc": "http://3.142.230.190:5678/webhook/vendas"
      },
      "type": [
        "object",
        {
          "ane": "string",
          "apq": "string",
          "avc": "string"
        }
      ]
    }
  },
  "resources": [
    {
      "mode": "data",
      "type": "aws_ami",
      "name": "ubuntu",
      "provider": "provider[\"registry.terraform.io/hashicorp/aws\"]",
      "instances": [
        {
          "schema_version": 0,
          "attributes": {
            "architecture": "x86_64",
            "arn": "arn:aws:ec2:us-east-2::image/ami-08a98e6d1b5aa6099",
            "block_device_mappings": [
              {
                "device_name": "/dev/sda1",
                "ebs": {
                  "delete_on_termination": "true",
                  "encrypted": "false",
                  "iops": "0",
                  "snapshot_id": "snap-091a1f3ef2f13dbf4",
                  "throughput": "0",
                  "volume_initialization_rate": "0",
                  "volume_size": "8",
                  "volume_type": "gp2"
                },
                "no_device": "",
                "virtual_name": ""
              },
              {
                "device_name": "/dev/sdb",
                "ebs": {},
                "no_device": "",
                "virtual_name": "ephemeral0"
              },
              {
                "device_name": "/dev/sdc",
                "ebs": {},
                "no_device": "",
                "virtual_name": "ephemeral1"
              }
            ],
            "boot_mode": "uefi-preferred",
            "creation_date": "2025-08-01T07:11:44.000Z",
            "deprecation_time": "2027-08-01T07:11:44.000Z",
            "description": "Canonical, Ubuntu, 22.04, amd64 jammy image",
            "ena_support": true,
            "executable_users": null,
            "filter": [
              {
                "name": "name",
                "values": [
                  "ubuntu/images/hvm-ssd/ubuntu-jammy-22.04-amd64-server-*"
                ]
              },
              {
                "name": "virtualization-type",
                "values": [
                  "hvm"
                ]
              }
            ],
            "hypervisor": "xen",
            "id": "ami-08a98e6d1b5aa6099",
            "image_id": "ami-08a98e6d1b5aa6099",
            "image_location": "amazon/ubuntu/images/hvm-ssd/ubuntu-jammy-22.04-amd64-server-20250801",
            "image_owner_alias": "amazon",
            "image_type": "machine",
            "imds_support": "",
            "include_deprecated": false,
            "kernel_id": "",
            "last_launched_time": "",
            "most_recent": true,
            "name": "ubuntu/images/hvm-ssd/ubuntu-jammy-22.04-amd64-server-20250801",
            "name_regex": null,
            "owner_id": "099720109477",
            "owners": [
              "099720109477"
            ],
            "platform": "",
            "platform_details": "Linux/UNIX",
            "product_codes": [],
            "public": true,
            "ramdisk_id": "",
            "root_device_name": "/dev/sda1",
            "root_device_type": "ebs",
            "root_snapshot_id": "snap-091a1f3ef2f13dbf4",
            "sriov_net_support": "simple",
            "state": "available",
            "state_reason": {
              "code": "UNSET",
              "message": "UNSET"
            },
            "tags": {},
            "timeouts": null,
            "tpm_support": "",
            "uefi_data": null,
            "usage_operation": "RunInstances",
            "virtualization_type": "hvm"
          },
          "sensitive_attributes": []
        }
      ]
    },
    {
      "mode": "data",
      "type": "aws_availability_zones",
      "name": "available",
      "provider": "provider[\"registry.terraform.io/hashicorp/aws\"]",
      "instances": [
        {
          "schema_version": 0,
          "attributes": {
            "all_availability_zones": null,
            "exclude_names": null,
            "exclude_zone_ids": null,
            "filter": null,
            "group_names": [
              "us-east-2-zg-1"
            ],
            "id": "us-east-2",
            "names": [
              "us-east-2a",
              "us-east-2b",
              "us-east-2c"
            ],
            "state": "available",
            "timeouts": null,
            "zone_ids": [
              "use2-az1",
              "use2-az2",
              "use2-az3"
            ]
          },
          "sensitive_attributes": []
        }
      ]
    },
    {
      "mode": "managed",
      "type": "aws_iam_instance_profile",
      "name": "morefocus_ec2",
      "provider": "provider[\"registry.terraform.io/hashicorp/aws\"]",
      "instances": [
        {
          "schema_version": 0,
          "attributes": {
            "arn": "arn:aws:iam::181483249128:instance-profile/morefocus-ec2-profile",
            "create_date": "2025-08-04T04:26:02Z",
            "id": "morefocus-ec2-profile",
            "name": "morefocus-ec2-profile",
            "name_prefix": "",
            "path": "/",
            "role": "morefocus-ec2-role",
            "tags": {},
            "tags_all": {
              "Environment": "production",
              "ManagedBy": "Terraform",
              "Owner": "MoreFocus Team",
              "Project": "MoreFocus"
            },
            "unique_id": "AIPASUQJ6TXUAAZOX7SPQ"
          },
          "sensitive_attributes": [],
          "private": "bnVsbA==",
          "dependencies": [
            "aws_iam_role.morefocus_ec2"
          ]
        }
      ]
    },
    {
      "mode": "managed",
      "type": "aws_iam_role",
      "name": "morefocus_ec2",
      "provider": "provider[\"registry.terraform.io/hashicorp/aws\"]",
      "instances": [
        {
          "schema_version": 0,
          "attributes": {
            "arn": "arn:aws:iam::181483249128:role/morefocus-ec2-role",
            "assume_role_policy": "{\"Statement\":[{\"Action\":\"sts:AssumeRole\",\"Effect\":\"Allow\",\"Principal\":{\"Service\":\"ec2.amazonaws.com\"}}],\"Version\":\"2012-10-17\"}",
            "create_date": "2025-08-04T04:26:02Z",
            "description": "",
            "force_detach_policies": false,
            "id": "morefocus-ec2-role",
            "inline_policy": [],
            "managed_policy_arns": [],
            "max_session_duration": 3600,
            "name": "morefocus-ec2-role",
            "name_prefix": "",
            "path": "/",
            "permissions_boundary": "",
            "tags": {},
            "tags_all": {
              "Environment": "production",
              "ManagedBy": "Terraform",
              "Owner": "MoreFocus Team",
              "Project": "MoreFocus"
            },
            "unique_id": "AROASUQJ6TXUB6U4OVFTC"
          },
          "sensitive_attributes": [],
          "private": "bnVsbA=="
        }
      ]
    },
    {
      "mode": "managed",
      "type": "aws_iam_role_policy",
      "name": "morefocus_ec2",
      "provider": "provider[\"registry.terraform.io/hashicorp/aws\"]",
      "instances": [
        {
          "schema_version": 0,
          "attributes": {
            "id": "morefocus-ec2-role:morefocus-ec2-policy",
            "name": "morefocus-ec2-policy",
            "name_prefix": "",
            "policy": "{\"Version\":\"2012-10-17\",\"Statement\":[{\"Action\":[\"s3:GetObject\",\"s3:PutObject\",\"s3:DeleteObject\"],\"Effect\":\"Allow\",\"Resource\":\"arn:aws:s3:::morefocus-824bc794/*\"},{\"Action\":[\"s3:ListBucket\"],\"Effect\":\"Allow\",\"Resource\":\"arn:aws:s3:::morefocus-824bc794\"}]}",
            "role": "morefocus-ec2-role"
          },
          "sensitive_attributes": [],
          "private": "bnVsbA==",
          "dependencies": [
            "aws_cloudwatch_log_group.morefocus",
            "aws_iam_role.morefocus_ec2",
            "aws_s3_bucket.morefocus",
            "random_id.bucket_suffix"
          ]
        }
      ]
    },
    {
      "mode": "managed",
      "type": "aws_instance",
      "name": "morefocus",
      "provider": "provider[\"registry.terraform.io/hashicorp/aws\"]",
      "instances": [
        {
          "schema_version": 1,
          "attributes": {
            "ami": "ami-08a98e6d1b5aa6099",
            "arn": "arn:aws:ec2:us-east-2:181483249128:instance/i-01a170acdca097f9b",
            "associate_public_ip_address": true,
            "availability_zone": "us-east-2c",
            "capacity_reservation_specification": [
              {
                "capacity_reservation_preference": "open",
                "capacity_reservation_target": []
              }
            ],
            "cpu_core_count": 1,
            "cpu_options": [
              {
                "amd_sev_snp": "",
                "core_count": 1,
                "threads_per_core": 2
              }
            ],
            "cpu_threads_per_core": 2,
            "credit_specification": [
              {
                "cpu_credits": "unlimited"
              }
            ],
            "disable_api_stop": false,
            "disable_api_termination": false,
            "ebs_block_device": [],
            "ebs_optimized": false,
            "enable_primary_ipv6": null,
            "enclave_options": [
              {
                "enabled": false
              }
            ],
            "ephemeral_block_device": [],
            "get_password_data": false,
            "hibernation": false,
            "host_id": "",
            "host_resource_group_arn": null,
            "iam_instance_profile": "",
            "id": "i-01a170acdca097f9b",
            "instance_initiated_shutdown_behavior": "stop",
            "instance_lifecycle": "",
            "instance_market_options": [],
            "instance_state": "running",
            "instance_type": "t3.micro",
            "ipv6_address_count": 0,
            "ipv6_addresses": [],
            "key_name": "morefocus-keypair",
            "launch_template": [],
            "maintenance_options": [
              {
                "auto_recovery": "default"
              }
            ],
            "metadata_options": [
              {
                "http_endpoint": "enabled",
                "http_protocol_ipv6": "disabled",
                "http_put_response_hop_limit": 1,
                "http_tokens": "optional",
                "instance_metadata_tags": "disabled"
              }
            ],
            "monitoring": false,
            "network_interface": [],
            "outpost_arn": "",
            "password_data": "",
            "placement_group": "",
            "placement_partition_number": 0,
            "primary_network_interface_id": "eni-029d4e8942b9473ad",
            "private_dns": "ip-172-31-44-85.us-east-2.compute.internal",
            "private_dns_name_options": [
              {
                "enable_resource_name_dns_a_record": false,
                "enable_resource_name_dns_aaaa_record": false,
                "hostname_type": "ip-name"
              }
            ],
            "private_ip": "172.31.44.85",
            "public_dns": "ec2-3-142-230-190.us-east-2.compute.amazonaws.com",
            "public_ip": "3.142.230.190",
            "root_block_device": [
              {
                "delete_on_termination": true,
                "device_name": "/dev/sda1",
                "encrypted": true,
                "iops": 3000,
                "kms_key_id": "arn:aws:kms:us-east-2:181483249128:key/8d40883c-ff83-48fd-b08f-df1719a22b03",
                "tags": {
                  "Name": "morefocus-root-volume"
                },
                "tags_all": {
                  "Environment": "production",
                  "ManagedBy": "Terraform",
                  "Name": "morefocus-root-volume",
                  "Owner": "MoreFocus Team",
                  "Project": "MoreFocus"
                },
                "throughput": 125,
                "volume_id": "vol-01553105e9c9e7df8",
                "volume_size": 20,
                "volume_type": "gp3"
              }
            ],
            "secondary_private_ips": [],
            "security_groups": [
              "morefocus-ec2-20250804042602635400000001"
            ],
            "source_dest_check": true,
            "spot_instance_request_id": "",
            "subnet_id": "subnet-07235741929491da0",
            "tags": {
              "Name": "morefocus-main",
              "Type": "Application Server"
            },
            "tags_all": {
              "Environment": "production",
              "ManagedBy": "Terraform",
              "Name": "morefocus-main",
              "Owner": "MoreFocus Team",
              "Project": "MoreFocus",
              "Type": "Application Server"
            },
            "tenancy": "default",
            "timeouts": null,
            "user_data": "d010d6486a7824868778e2b806cb11bf1fe654ca",
            "user_data_base64": null,
            "user_data_replace_on_change": false,
            "volume_tags": null,
            "vpc_security_group_ids": [
              "sg-0b5fc1f5b5da11ab5"
            ]
          },
          "sensitive_attributes": [
            [
              {
                "type": "get_attr",
                "value": "user_data"
              }
            ]
          ],
          "private": "eyJlMmJmYjczMC1lY2FhLTExZTYtOGY4OC0zNDM2M2JjN2M0YzAiOnsiY3JlYXRlIjo2MDAwMDAwMDAwMDAsImRlbGV0ZSI6MTIwMDAwMDAwMDAwMCwicmVhZCI6OTAwMDAwMDAwMDAwLCJ1cGRhdGUiOjYwMDAwMDAwMDAwMH0sInNjaGVtYV92ZXJzaW9uIjoiMSJ9",
          "dependencies": [
            "aws_key_pair.morefocus",
            "aws_security_group.morefocus_ec2",
            "data.aws_ami.ubuntu"
          ]
        }
      ]
    },
    {
      "mode": "managed",
      "type": "aws_key_pair",
      "name": "morefocus",
      "provider": "provider[\"registry.terraform.io/hashicorp/aws\"]",
      "instances": [
        {
          "schema_version": 1,
          "attributes": {
            "arn": "arn:aws:ec2:us-east-2:181483249128:key-pair/morefocus-keypair",
            "fingerprint": "75:7c:60:51:d5:15:e5:9b:40:de:26:8c:48:00:a0:d0",
            "id": "morefocus-keypair",
            "key_name": "morefocus-keypair",
            "key_name_prefix": "",
            "key_pair_id": "key-0a7515d5502a6e69f",
            "key_type": "rsa",
            "public_key": "ssh-rsa AAAAB3NzaC1yc2EAAAADAQABAAACAQCO6jORNS7zyxgEQIyAB2EauDWVAq6es2yUbZvCRtcrwewQE6GCrzCEr/AWfyKRqcI3+As2T8uMdU/MA/iRY8qliVU4oed7D23MhaV13kozZSR+OmMCw3lH1ejrvJPLXl7i7Q49HToxujS9dwDkta3yiBt4os44p0O2m/O7TYWInXiLhqtq03XMqSFPRFEytP3oNCGHPqLFR/Cr5SXnDDTNZC333OWudMKIqTZDO83HIMq5DlvcnCcuzStC1XtPsQsYMfyBc2Xshwxw2Mgb8BTkhy361NabnQ3caGJdnUgIkV/6ZQB3MDrlW5oAzdOawDh5QBE06f2e5ma5wrbVBfv7Lu/No8XuHwr9YVJuuj6eOA9iC//g74vZvC3zgjm2PtsIAsnNpI+qDwvcyb+X1vn236uLzVm7l0lGR1gVU0j+M/461w54vr3f8gPv3N2ftZ1LRBDqucBcVFOuaR+nGO5iz01+thZmGf9w5rHlohJBxGN8QgjqfsfhBonLbDRaNEFQB1vcQJJwlq6nluXp9+ytt121R+Bh6+6MXzS6T5igLrg2sDQOqEGdYcgFwQOU4ro/WLQqWV4KSE//zpG7cHsmJ1xCHT06RZSrdmauWwMyT0RzpKWWi86h+aAH1W31CeI4RSN9rTqewTqaI4ar9R4Fv7/ooGhwQrei2QjhMvQC3w== cloudshell-user@ip-10-131-14-245.us-east-2.compute.internal",
            "tags": {},
            "tags_all": {
              "Environment": "production",
              "ManagedBy": "Terraform",
              "Owner": "MoreFocus Team",
              "Project": "MoreFocus"
            }
          },
          "sensitive_attributes": [],
          "private": "eyJzY2hlbWFfdmVyc2lvbiI6IjEifQ=="
        }
      ]
    },
    {
      "mode": "managed",
      "type": "aws_s3_bucket",
      "name": "morefocus",
      "provider": "provider[\"registry.terraform.io/hashicorp/aws\"]",
      "instances": [
        {
          "schema_version": 0,
          "attributes": {
            "acceleration_status": "",
            "acl": null,
            "arn": "arn:aws:s3:::morefocus-824bc794",
            "bucket": "morefocus-824bc794",
            "bucket_domain_name": "morefocus-824bc794.s3.amazonaws.com",
            "bucket_prefix": "",
            "bucket_regional_domain_name": "morefocus-824bc794.s3.us-east-2.amazonaws.com",
            "cors_rule": [],
            "force_destroy": false,
            "grant": [
              {
                "id": "9f2f0cdf8f3cfad12aebfcc5c7a52c3127188867014f4d9837871fc5a82cb196",
                "permissions": [
                  "FULL_CONTROL"
                ],
                "type": "CanonicalUser",
                "uri": ""
              }
            ],
            "hosted_zone_id": "Z2O1EMRO9K5GLX",
            "id": "morefocus-824bc794",
            "lifecycle_rule": [],
            "logging": [],
            "object_lock_configuration": [],
            "object_lock_enabled": false,
            "policy": "",
            "region": "us-east-2",
            "replication_configuration": [],
            "request_payer": "BucketOwner",
            "server_side_encryption_configuration": [
              {
                "rule": [
                  {
                    "apply_server_side_encryption_by_default": [
                      {
                        "kms_master_key_id": "",
                        "sse_algorithm": "AES256"
                      }
                    ],
                    "bucket_key_enabled": false
                  }
                ]
              }
            ],
            "tags": {
              "Name": "morefocus-storage"
            },
            "tags_all": {
              "Environment": "production",
              "ManagedBy": "Terraform",
              "Name": "morefocus-storage",
              "Owner": "MoreFocus Team",
              "Project": "MoreFocus"
            },
            "timeouts": null,
            "versioning": [
              {
                "enabled": true,
                "mfa_delete": false
              }
            ],
            "website": [],
            "website_domain": null,
            "website_endpoint": null
          },
          "sensitive_attributes": [],
          "private": "eyJlMmJmYjczMC1lY2FhLTExZTYtOGY4OC0zNDM2M2JjN2M0YzAiOnsiY3JlYXRlIjoxMjAwMDAwMDAwMDAwLCJkZWxldGUiOjM2MDAwMDAwMDAwMDAsInJlYWQiOjEyMDAwMDAwMDAwMDAsInVwZGF0ZSI6MTIwMDAwMDAwMDAwMH19",
          "dependencies": [
            "random_id.bucket_suffix"
          ]
        }
      ]
    },
    {
      "mode": "managed",
      "type": "aws_s3_bucket_public_access_block",
      "name": "morefocus",
      "provider": "provider[\"registry.terraform.io/hashicorp/aws\"]",
      "instances": [
        {
          "schema_version": 0,
          "attributes": {
            "block_public_acls": true,
            "block_public_policy": true,
            "bucket": "morefocus-824bc794",
            "id": "morefocus-824bc794",
            "ignore_public_acls": true,
            "restrict_public_buckets": true
          },
          "sensitive_attributes": [],
          "private": "bnVsbA==",
          "dependencies": [
            "aws_s3_bucket.morefocus",
            "random_id.bucket_suffix"
          ]
        }
      ]
    },
    {
      "mode": "managed",
      "type": "aws_s3_bucket_server_side_encryption_configuration",
      "name": "morefocus",
      "provider": "provider[\"registry.terraform.io/hashicorp/aws\"]",
      "instances": [
        {
          "schema_version": 0,
          "attributes": {
            "bucket": "morefocus-824bc794",
            "expected_bucket_owner": "",
            "id": "morefocus-824bc794",
            "rule": [
              {
                "apply_server_side_encryption_by_default": [
                  {
                    "kms_master_key_id": "",
                    "sse_algorithm": "AES256"
                  }
                ],
                "bucket_key_enabled": false
              }
            ]
          },
          "sensitive_attributes": [],
          "private": "bnVsbA==",
          "dependencies": [
            "aws_s3_bucket.morefocus",
            "random_id.bucket_suffix"
          ]
        }
      ]
    },
    {
      "mode": "managed",
      "type": "aws_s3_bucket_versioning",
      "name": "morefocus",
      "provider": "provider[\"registry.terraform.io/hashicorp/aws\"]",
      "instances": [
        {
          "schema_version": 0,
          "attributes": {
            "bucket": "morefocus-824bc794",
            "expected_bucket_owner": "",
            "id": "morefocus-824bc794",
            "mfa": null,
            "versioning_configuration": [
              {
                "mfa_delete": "",
                "status": "Enabled"
              }
            ]
          },
          "sensitive_attributes": [],
          "private": "bnVsbA==",
          "dependencies": [
            "aws_s3_bucket.morefocus",
            "random_id.bucket_suffix"
          ]
        }
      ]
    },
    {
      "mode": "managed",
      "type": "aws_security_group",
      "name": "morefocus_ec2",
      "provider": "provider[\"registry.terraform.io/hashicorp/aws\"]",
      "instances": [
        {
          "schema_version": 1,
          "attributes": {
            "arn": "arn:aws:ec2:us-east-2:181483249128:security-group/sg-0b5fc1f5b5da11ab5",
            "description": "Security group for MoreFocus EC2 instance",
            "egress": [
              {
                "cidr_blocks": [
                  "0.0.0.0/0"
                ],
                "description": "All outbound traffic",
                "from_port": 0,
                "ipv6_cidr_blocks": [],
                "prefix_list_ids": [],
                "protocol": "-1",
                "security_groups": [],
                "self": false,
                "to_port": 0
              }
            ],
            "id": "sg-0b5fc1f5b5da11ab5",
            "ingress": [
              {
                "cidr_blocks": [
                  "0.0.0.0/0"
                ],
                "description": "HTTP access",
                "from_port": 80,
                "ipv6_cidr_blocks": [],
                "prefix_list_ids": [],
                "protocol": "tcp",
                "security_groups": [],
                "self": false,
                "to_port": 80
              },
              {
                "cidr_blocks": [
                  "0.0.0.0/0"
                ],
                "description": "HTTPS access",
                "from_port": 443,
                "ipv6_cidr_blocks": [],
                "prefix_list_ids": [],
                "protocol": "tcp",
                "security_groups": [],
                "self": false,
                "to_port": 443
              },
              {
                "cidr_blocks": [
                  "0.0.0.0/0"
                ],
                "description": "SSH access",
                "from_port": 22,
                "ipv6_cidr_blocks": [],
                "prefix_list_ids": [],
                "protocol": "tcp",
                "security_groups": [],
                "self": false,
                "to_port": 22
              },
              {
                "cidr_blocks": [
                  "0.0.0.0/0"
                ],
                "description": "n8n interface",
                "from_port": 5678,
                "ipv6_cidr_blocks": [],
                "prefix_list_ids": [],
                "protocol": "tcp",
                "security_groups": [],
                "self": false,
                "to_port": 5678
              }
            ],
            "name": "morefocus-ec2-20250804042602635400000001",
            "name_prefix": "morefocus-ec2-",
            "owner_id": "181483249128",
            "revoke_rules_on_delete": false,
            "tags": {
              "Name": "morefocus-ec2-sg"
            },
            "tags_all": {
              "Environment": "production",
              "ManagedBy": "Terraform",
              "Name": "morefocus-ec2-sg",
              "Owner": "MoreFocus Team",
              "Project": "MoreFocus"
            },
            "timeouts": null,
            "vpc_id": "vpc-035eb9bcc9088bf07"
          },
          "sensitive_attributes": [],
          "private": "eyJlMmJmYjczMC1lY2FhLTExZTYtOGY4OC0zNDM2M2JjN2M0YzAiOnsiY3JlYXRlIjo2MDAwMDAwMDAwMDAsImRlbGV0ZSI6OTAwMDAwMDAwMDAwfSwic2NoZW1hX3ZlcnNpb24iOiIxIn0="
        }
      ]
    },
    {
      "mode": "managed",
      "type": "random_id",
      "name": "bucket_suffix",
      "provider": "provider[\"registry.terraform.io/hashicorp/random\"]",
      "instances": [
        {
          "schema_version": 0,
          "attributes": {
            "b64_std": "gkvHlA==",
            "b64_url": "gkvHlA",
            "byte_length": 4,
            "dec": "2186004372",
            "hex": "824bc794",
            "id": "gkvHlA",
            "keepers": null,
            "prefix": null
          },
          "sensitive_attributes": []
        }
      ]
    }
  ],
  "check_results": null
}
